
Microsoft Visual Studio Solution File, Format Version 12.00
# Visual Studio Version 17
VisualStudioVersion = 17.8.34330.188
MinimumVisualStudioVersion = 10.0.40219.1
Project("{9A19103F-16F7-4668-BE54-9A1E7A4F7556}") = "Optimal search", "Optimal search.csproj", "{7889BE97-A085-4DBF-A3BB-E447D0CFA3C1}"
EndProject
Global
	GlobalSection(SolutionConfigurationPlatforms) = preSolution
		Debug|Any CPU = Debug|Any CPU
		Release|Any CPU = Release|Any CPU
	EndGlobalSection
	GlobalSection(ProjectConfigurationPlatforms) = postSolution
		{7889BE97-A085-4DBF-A3BB-E447D0CFA3C1}.Debug|Any CPU.ActiveCfg = Debug|Any CPU
		{7889BE97-A085-4DBF-A3BB-E447D0CFA3C1}.Debug|Any CPU.Build.0 = Debug|Any CPU
		{7889BE97-A085-4DBF-A3BB-E447D0CFA3C1}.Release|Any CPU.ActiveCfg = Release|Any CPU
		{7889BE97-A085-4DBF-A3BB-E447D0CFA3C1}.Release|Any CPU.Build.0 = Release|Any CPU
	EndGlobalSection
	GlobalSection(SolutionProperties) = preSolution
		HideSolutionNode = FALSE
	EndGlobalSection
	GlobalSection(ExtensibilityGlobals) = postSolution
		SolutionGuid = {8164E4D3-497F-40D1-B5A9-D7DB87B19ECC}
	EndGlobalSection
EndGlobal
